
Microsoft Visual Studio Solution File, Format Version 12.00
# Visual Studio 15
VisualStudioVersion = 15.0.28307.136
MinimumVisualStudioVersion = 10.0.40219.1
Project("{9A19103F-16F7-4668-BE54-9A1E7A4F7556}") = "CursoCSharp", "CursoCSharp\CursoCSharp.csproj", "{E47B83CB-F2AE-4D8D-9B42-C1EDC758577D}"
EndProject
Project("{FAE04EC0-301F-11D3-BF4B-00C04F79EFBC}") = "Encapsulamento", "Encapsulamento\Encapsulamento.csproj", "{5C0235B8-D9CB-49DF-91D3-F511BA3866EE}"
EndProject
Global
	GlobalSection(SolutionConfigurationPlatforms) = preSolution
		Debug|Any CPU = Debug|Any CPU
		Release|Any CPU = Release|Any CPU
	EndGlobalSection
	GlobalSection(ProjectConfigurationPlatforms) = postSolution
		{E47B83CB-F2AE-4D8D-9B42-C1EDC758577D}.Debug|Any CPU.ActiveCfg = Debug|Any CPU
		{E47B83CB-F2AE-4D8D-9B42-C1EDC758577D}.Debug|Any CPU.Build.0 = Debug|Any CPU
		{E47B83CB-F2AE-4D8D-9B42-C1EDC758577D}.Release|Any CPU.ActiveCfg = Release|Any CPU
		{E47B83CB-F2AE-4D8D-9B42-C1EDC758577D}.Release|Any CPU.Build.0 = Release|Any CPU
		{5C0235B8-D9CB-49DF-91D3-F511BA3866EE}.Debug|Any CPU.ActiveCfg = Debug|Any CPU
		{5C0235B8-D9CB-49DF-91D3-F511BA3866EE}.Debug|Any CPU.Build.0 = Debug|Any CPU
		{5C0235B8-D9CB-49DF-91D3-F511BA3866EE}.Release|Any CPU.ActiveCfg = Release|Any CPU
		{5C0235B8-D9CB-49DF-91D3-F511BA3866EE}.Release|Any CPU.Build.0 = Release|Any CPU
	EndGlobalSection
	GlobalSection(SolutionProperties) = preSolution
		HideSolutionNode = FALSE
	EndGlobalSection
	GlobalSection(ExtensibilityGlobals) = postSolution
		SolutionGuid = {D76CA1CB-4FF7-4421-BE09-A0B711760518}
	EndGlobalSection
EndGlobal
